// !$*UTF8*$!
{
	archiveVersion = 1;
	classes = {
	};
	objectVersion = 56;
	objects = {

/* Begin PBXBuildFile section */
		0589C64D66A836D1A77B09F3 /* Pods_GithubEventsViewerTests.framework in Frameworks */ = {isa = PBXBuildFile; fileRef = F29BBB4FD3C9A774299BDB99 /* Pods_GithubEventsViewerTests.framework */; };
		43A26C272CF65EAE00B7AC6C /* AppDelegate.swift in Sources */ = {isa = PBXBuildFile; fileRef = 43A26C262CF65EAE00B7AC6C /* AppDelegate.swift */; };
		43A26C292CF65EAE00B7AC6C /* SceneDelegate.swift in Sources */ = {isa = PBXBuildFile; fileRef = 43A26C282CF65EAE00B7AC6C /* SceneDelegate.swift */; };
		43A26C2B2CF65EAE00B7AC6C /* ViewController.swift in Sources */ = {isa = PBXBuildFile; fileRef = 43A26C2A2CF65EAE00B7AC6C /* ViewController.swift */; };
		43A26C2E2CF65EAE00B7AC6C /* Main.storyboard in Resources */ = {isa = PBXBuildFile; fileRef = 43A26C2C2CF65EAE00B7AC6C /* Main.storyboard */; };
		43A26C302CF65EB000B7AC6C /* Assets.xcassets in Resources */ = {isa = PBXBuildFile; fileRef = 43A26C2F2CF65EB000B7AC6C /* Assets.xcassets */; };
		43A26C332CF65EB000B7AC6C /* LaunchScreen.storyboard in Resources */ = {isa = PBXBuildFile; fileRef = 43A26C312CF65EB000B7AC6C /* LaunchScreen.storyboard */; };
		43A26C3E2CF65EB000B7AC6C /* GithubEventsViewerTests.swift in Sources */ = {isa = PBXBuildFile; fileRef = 43A26C3D2CF65EB000B7AC6C /* GithubEventsViewerTests.swift */; };
		43A26C482CF65EB000B7AC6C /* GithubEventsViewerUITests.swift in Sources */ = {isa = PBXBuildFile; fileRef = 43A26C472CF65EB000B7AC6C /* GithubEventsViewerUITests.swift */; };
		43A26C4A2CF65EB000B7AC6C /* GithubEventsViewerUITestsLaunchTests.swift in Sources */ = {isa = PBXBuildFile; fileRef = 43A26C492CF65EB000B7AC6C /* GithubEventsViewerUITestsLaunchTests.swift */; };
		71C327DA68987E868A6F22B5 /* Pods_GithubEventsViewer_GithubEventsViewerUITests.framework in Frameworks */ = {isa = PBXBuildFile; fileRef = E6EAE5EC5682D5F147F9DD0C /* Pods_GithubEventsViewer_GithubEventsViewerUITests.framework */; };
		79EADFC84BBBA4D8F1689AAF /* Pods_GithubEventsViewer.framework in Frameworks */ = {isa = PBXBuildFile; fileRef = A507E7CB249FCC0D77A05631 /* Pods_GithubEventsViewer.framework */; };
/* End PBXBuildFile section */

/* Begin PBXContainerItemProxy section */
		43A26C3A2CF65EB000B7AC6C /* PBXContainerItemProxy */ = {
			isa = PBXContainerItemProxy;
			containerPortal = 43A26C1B2CF65EAE00B7AC6C /* Project object */;
			proxyType = 1;
			remoteGlobalIDString = 43A26C222CF65EAE00B7AC6C;
			remoteInfo = GithubEventsViewer;
		};
		43A26C442CF65EB000B7AC6C /* PBXContainerItemProxy */ = {
			isa = PBXContainerItemProxy;
			containerPortal = 43A26C1B2CF65EAE00B7AC6C /* Project object */;
			proxyType = 1;
			remoteGlobalIDString = 43A26C222CF65EAE00B7AC6C;
			remoteInfo = GithubEventsViewer;
		};
/* End PBXContainerItemProxy section */

/* Begin PBXFileReference section */
		32786B853AF2D42E35F3A1E4 /* Pods-GithubEventsViewer-GithubEventsViewerUITests.debug.xcconfig */ = {isa = PBXFileReference; includeInIndex = 1; lastKnownFileType = text.xcconfig; name = "Pods-GithubEventsViewer-GithubEventsViewerUITests.debug.xcconfig"; path = "Target Support Files/Pods-GithubEventsViewer-GithubEventsViewerUITests/Pods-GithubEventsViewer-GithubEventsViewerUITests.debug.xcconfig"; sourceTree = "<group>"; };
		43A26C232CF65EAE00B7AC6C /* GithubEventsViewer.app */ = {isa = PBXFileReference; explicitFileType = wrapper.application; includeInIndex = 0; path = GithubEventsViewer.app; sourceTree = BUILT_PRODUCTS_DIR; };
		43A26C262CF65EAE00B7AC6C /* AppDelegate.swift */ = {isa = PBXFileReference; lastKnownFileType = sourcecode.swift; path = AppDelegate.swift; sourceTree = "<group>"; };
		43A26C282CF65EAE00B7AC6C /* SceneDelegate.swift */ = {isa = PBXFileReference; lastKnownFileType = sourcecode.swift; path = SceneDelegate.swift; sourceTree = "<group>"; };
		43A26C2A2CF65EAE00B7AC6C /* ViewController.swift */ = {isa = PBXFileReference; lastKnownFileType = sourcecode.swift; path = ViewController.swift; sourceTree = "<group>"; };
		43A26C2D2CF65EAE00B7AC6C /* Base */ = {isa = PBXFileReference; lastKnownFileType = file.storyboard; name = Base; path = Base.lproj/Main.storyboard; sourceTree = "<group>"; };
		43A26C2F2CF65EB000B7AC6C /* Assets.xcassets */ = {isa = PBXFileReference; lastKnownFileType = folder.assetcatalog; path = Assets.xcassets; sourceTree = "<group>"; };
		43A26C322CF65EB000B7AC6C /* Base */ = {isa = PBXFileReference; lastKnownFileType = file.storyboard; name = Base; path = Base.lproj/LaunchScreen.storyboard; sourceTree = "<group>"; };
		43A26C342CF65EB000B7AC6C /* Info.plist */ = {isa = PBXFileReference; lastKnownFileType = text.plist.xml; path = Info.plist; sourceTree = "<group>"; };
		43A26C392CF65EB000B7AC6C /* GithubEventsViewerTests.xctest */ = {isa = PBXFileReference; explicitFileType = wrapper.cfbundle; includeInIndex = 0; path = GithubEventsViewerTests.xctest; sourceTree = BUILT_PRODUCTS_DIR; };
		43A26C3D2CF65EB000B7AC6C /* GithubEventsViewerTests.swift */ = {isa = PBXFileReference; lastKnownFileType = sourcecode.swift; path = GithubEventsViewerTests.swift; sourceTree = "<group>"; };
		43A26C432CF65EB000B7AC6C /* GithubEventsViewerUITests.xctest */ = {isa = PBXFileReference; explicitFileType = wrapper.cfbundle; includeInIndex = 0; path = GithubEventsViewerUITests.xctest; sourceTree = BUILT_PRODUCTS_DIR; };
		43A26C472CF65EB000B7AC6C /* GithubEventsViewerUITests.swift */ = {isa = PBXFileReference; lastKnownFileType = sourcecode.swift; path = GithubEventsViewerUITests.swift; sourceTree = "<group>"; };
		43A26C492CF65EB000B7AC6C /* GithubEventsViewerUITestsLaunchTests.swift */ = {isa = PBXFileReference; lastKnownFileType = sourcecode.swift; path = GithubEventsViewerUITestsLaunchTests.swift; sourceTree = "<group>"; };
		65197E40CE2377F4481395F0 /* Pods-GithubEventsViewer-GithubEventsViewerUITests.release.xcconfig */ = {isa = PBXFileReference; includeInIndex = 1; lastKnownFileType = text.xcconfig; name = "Pods-GithubEventsViewer-GithubEventsViewerUITests.release.xcconfig"; path = "Target Support Files/Pods-GithubEventsViewer-GithubEventsViewerUITests/Pods-GithubEventsViewer-GithubEventsViewerUITests.release.xcconfig"; sourceTree = "<group>"; };
		868C677AC8995EC544A2ADE6 /* Pods-GithubEventsViewerTests.debug.xcconfig */ = {isa = PBXFileReference; includeInIndex = 1; lastKnownFileType = text.xcconfig; name = "Pods-GithubEventsViewerTests.debug.xcconfig"; path = "Target Support Files/Pods-GithubEventsViewerTests/Pods-GithubEventsViewerTests.debug.xcconfig"; sourceTree = "<group>"; };
		A507E7CB249FCC0D77A05631 /* Pods_GithubEventsViewer.framework */ = {isa = PBXFileReference; explicitFileType = wrapper.framework; includeInIndex = 0; path = Pods_GithubEventsViewer.framework; sourceTree = BUILT_PRODUCTS_DIR; };
		B7FCB791988F966AEE6317B0 /* Pods-GithubEventsViewer.debug.xcconfig */ = {isa = PBXFileReference; includeInIndex = 1; lastKnownFileType = text.xcconfig; name = "Pods-GithubEventsViewer.debug.xcconfig"; path = "Target Support Files/Pods-GithubEventsViewer/Pods-GithubEventsViewer.debug.xcconfig"; sourceTree = "<group>"; };
		D9FF9DF3E4F42BFF8E9F9F22 /* Pods-GithubEventsViewer.release.xcconfig */ = {isa = PBXFileReference; includeInIndex = 1; lastKnownFileType = text.xcconfig; name = "Pods-GithubEventsViewer.release.xcconfig"; path = "Target Support Files/Pods-GithubEventsViewer/Pods-GithubEventsViewer.release.xcconfig"; sourceTree = "<group>"; };
		E6EAE5EC5682D5F147F9DD0C /* Pods_GithubEventsViewer_GithubEventsViewerUITests.framework */ = {isa = PBXFileReference; explicitFileType = wrapper.framework; includeInIndex = 0; path = Pods_GithubEventsViewer_GithubEventsViewerUITests.framework; sourceTree = BUILT_PRODUCTS_DIR; };
		F29BBB4FD3C9A774299BDB99 /* Pods_GithubEventsViewerTests.framework */ = {isa = PBXFileReference; explicitFileType = wrapper.framework; includeInIndex = 0; path = Pods_GithubEventsViewerTests.framework; sourceTree = BUILT_PRODUCTS_DIR; };
		F4595275E579D222455908FC /* Pods-GithubEventsViewerTests.release.xcconfig */ = {isa = PBXFileReference; includeInIndex = 1; lastKnownFileType = text.xcconfig; name = "Pods-GithubEventsViewerTests.release.xcconfig"; path = "Target Support Files/Pods-GithubEventsViewerTests/Pods-GithubEventsViewerTests.release.xcconfig"; sourceTree = "<group>"; };
/* End PBXFileReference section */

/* Begin PBXFrameworksBuildPhase section */
		43A26C202CF65EAE00B7AC6C /* Frameworks */ = {
			isa = PBXFrameworksBuildPhase;
			buildActionMask = 2147483647;
			files = (
				79EADFC84BBBA4D8F1689AAF /* Pods_GithubEventsViewer.framework in Frameworks */,
			);
			runOnlyForDeploymentPostprocessing = 0;
		};
		43A26C362CF65EB000B7AC6C /* Frameworks */ = {
			isa = PBXFrameworksBuildPhase;
			buildActionMask = 2147483647;
			files = (
				0589C64D66A836D1A77B09F3 /* Pods_GithubEventsViewerTests.framework in Frameworks */,
			);
			runOnlyForDeploymentPostprocessing = 0;
		};
		43A26C402CF65EB000B7AC6C /* Frameworks */ = {
			isa = PBXFrameworksBuildPhase;
			buildActionMask = 2147483647;
			files = (
				71C327DA68987E868A6F22B5 /* Pods_GithubEventsViewer_GithubEventsViewerUITests.framework in Frameworks */,
			);
			runOnlyForDeploymentPostprocessing = 0;
		};
/* End PBXFrameworksBuildPhase section */

/* Begin PBXGroup section */
		43A26C1A2CF65EAE00B7AC6C = {
			isa = PBXGroup;
			children = (
				43A26C252CF65EAE00B7AC6C /* GithubEventsViewer */,
				43A26C3C2CF65EB000B7AC6C /* GithubEventsViewerTests */,
				43A26C462CF65EB000B7AC6C /* GithubEventsViewerUITests */,
				43A26C242CF65EAE00B7AC6C /* Products */,
				5E77855C5CABB5587A69E160 /* Pods */,
				C1A4A8A6CEE8ADBBD4D53712 /* Frameworks */,
			);
			sourceTree = "<group>";
		};
		43A26C242CF65EAE00B7AC6C /* Products */ = {
			isa = PBXGroup;
			children = (
				43A26C232CF65EAE00B7AC6C /* GithubEventsViewer.app */,
				43A26C392CF65EB000B7AC6C /* GithubEventsViewerTests.xctest */,
				43A26C432CF65EB000B7AC6C /* GithubEventsViewerUITests.xctest */,
			);
			name = Products;
			sourceTree = "<group>";
		};
		43A26C252CF65EAE00B7AC6C /* GithubEventsViewer */ = {
			isa = PBXGroup;
			children = (
				43A26C262CF65EAE00B7AC6C /* AppDelegate.swift */,
				43A26C282CF65EAE00B7AC6C /* SceneDelegate.swift */,
				43A26C2A2CF65EAE00B7AC6C /* ViewController.swift */,
				43A26C2C2CF65EAE00B7AC6C /* Main.storyboard */,
				43A26C2F2CF65EB000B7AC6C /* Assets.xcassets */,
				43A26C312CF65EB000B7AC6C /* LaunchScreen.storyboard */,
				43A26C342CF65EB000B7AC6C /* Info.plist */,
			);
			path = GithubEventsViewer;
			sourceTree = "<group>";
		};
		43A26C3C2CF65EB000B7AC6C /* GithubEventsViewerTests */ = {
			isa = PBXGroup;
			children = (
				43A26C3D2CF65EB000B7AC6C /* GithubEventsViewerTests.swift */,
			);
			path = GithubEventsViewerTests;
			sourceTree = "<group>";
		};
		43A26C462CF65EB000B7AC6C /* GithubEventsViewerUITests */ = {
			isa = PBXGroup;
			children = (
				43A26C472CF65EB000B7AC6C /* GithubEventsViewerUITests.swift */,
				43A26C492CF65EB000B7AC6C /* GithubEventsViewerUITestsLaunchTests.swift */,
			);
			path = GithubEventsViewerUITests;
			sourceTree = "<group>";
		};
		5E77855C5CABB5587A69E160 /* Pods */ = {
			isa = PBXGroup;
			children = (
				B7FCB791988F966AEE6317B0 /* Pods-GithubEventsViewer.debug.xcconfig */,
				D9FF9DF3E4F42BFF8E9F9F22 /* Pods-GithubEventsViewer.release.xcconfig */,
				32786B853AF2D42E35F3A1E4 /* Pods-GithubEventsViewer-GithubEventsViewerUITests.debug.xcconfig */,
				65197E40CE2377F4481395F0 /* Pods-GithubEventsViewer-GithubEventsViewerUITests.release.xcconfig */,
				868C677AC8995EC544A2ADE6 /* Pods-GithubEventsViewerTests.debug.xcconfig */,
				F4595275E579D222455908FC /* Pods-GithubEventsViewerTests.release.xcconfig */,
			);
			name = Pods;
			path = Pods;
			sourceTree = "<group>";
		};
		C1A4A8A6CEE8ADBBD4D53712 /* Frameworks */ = {
			isa = PBXGroup;
			children = (
				A507E7CB249FCC0D77A05631 /* Pods_GithubEventsViewer.framework */,
				E6EAE5EC5682D5F147F9DD0C /* Pods_GithubEventsViewer_GithubEventsViewerUITests.framework */,
				F29BBB4FD3C9A774299BDB99 /* Pods_GithubEventsViewerTests.framework */,
			);
			name = Frameworks;
			sourceTree = "<group>";
		};
/* End PBXGroup section */

/* Begin PBXNativeTarget section */
		43A26C222CF65EAE00B7AC6C /* GithubEventsViewer */ = {
			isa = PBXNativeTarget;
			buildConfigurationList = 43A26C4D2CF65EB000B7AC6C /* Build configuration list for PBXNativeTarget "GithubEventsViewer" */;
			buildPhases = (
				59DBB1B385D6E83C70F3A0F6 /* [CP] Check Pods Manifest.lock */,
				43A26C1F2CF65EAE00B7AC6C /* Sources */,
				43A26C202CF65EAE00B7AC6C /* Frameworks */,
				43A26C212CF65EAE00B7AC6C /* Resources */,
				3A8659D8050AEBD12CD7DF9B /* [CP] Embed Pods Frameworks */,
			);
			buildRules = (
			);
			dependencies = (
			);
			name = GithubEventsViewer;
			productName = GithubEventsViewer;
			productReference = 43A26C232CF65EAE00B7AC6C /* GithubEventsViewer.app */;
			productType = "com.apple.product-type.application";
		};
		43A26C382CF65EB000B7AC6C /* GithubEventsViewerTests */ = {
			isa = PBXNativeTarget;
			buildConfigurationList = 43A26C502CF65EB000B7AC6C /* Build configuration list for PBXNativeTarget "GithubEventsViewerTests" */;
			buildPhases = (
				A5F7B3B1662ACD5F59EB01DC /* [CP] Check Pods Manifest.lock */,
				43A26C352CF65EB000B7AC6C /* Sources */,
				43A26C362CF65EB000B7AC6C /* Frameworks */,
				43A26C372CF65EB000B7AC6C /* Resources */,
			);
			buildRules = (
			);
			dependencies = (
				43A26C3B2CF65EB000B7AC6C /* PBXTargetDependency */,
			);
			name = GithubEventsViewerTests;
			productName = GithubEventsViewerTests;
			productReference = 43A26C392CF65EB000B7AC6C /* GithubEventsViewerTests.xctest */;
			productType = "com.apple.product-type.bundle.unit-test";
		};
		43A26C422CF65EB000B7AC6C /* GithubEventsViewerUITests */ = {
			isa = PBXNativeTarget;
			buildConfigurationList = 43A26C532CF65EB000B7AC6C /* Build configuration list for PBXNativeTarget "GithubEventsViewerUITests" */;
			buildPhases = (
				1F35AD8B60BD8C66C432CBB3 /* [CP] Check Pods Manifest.lock */,
				43A26C3F2CF65EB000B7AC6C /* Sources */,
				43A26C402CF65EB000B7AC6C /* Frameworks */,
				43A26C412CF65EB000B7AC6C /* Resources */,
				56240CED6D31ABB63734FF79 /* [CP] Embed Pods Frameworks */,
			);
			buildRules = (
			);
			dependencies = (
				43A26C452CF65EB000B7AC6C /* PBXTargetDependency */,
			);
			name = GithubEventsViewerUITests;
			productName = GithubEventsViewerUITests;
			productReference = 43A26C432CF65EB000B7AC6C /* GithubEventsViewerUITests.xctest */;
			productType = "com.apple.product-type.bundle.ui-testing";
		};
/* End PBXNativeTarget section */

/* Begin PBXProject section */
		43A26C1B2CF65EAE00B7AC6C /* Project object */ = {
			isa = PBXProject;
			attributes = {
				BuildIndependentTargetsInParallel = 1;
				LastSwiftUpdateCheck = 1430;
				LastUpgradeCheck = 1430;
				TargetAttributes = {
					43A26C222CF65EAE00B7AC6C = {
						CreatedOnToolsVersion = 14.3.1;
					};
					43A26C382CF65EB000B7AC6C = {
						CreatedOnToolsVersion = 14.3.1;
						TestTargetID = 43A26C222CF65EAE00B7AC6C;
					};
					43A26C422CF65EB000B7AC6C = {
						CreatedOnToolsVersion = 14.3.1;
						TestTargetID = 43A26C222CF65EAE00B7AC6C;
					};
				};
			};
			buildConfigurationList = 43A26C1E2CF65EAE00B7AC6C /* Build configuration list for PBXProject "GithubEventsViewer" */;
			compatibilityVersion = "Xcode 14.0";
			developmentRegion = en;
			hasScannedForEncodings = 0;
			knownRegions = (
				en,
				Base,
			);
			mainGroup = 43A26C1A2CF65EAE00B7AC6C;
			productRefGroup = 43A26C242CF65EAE00B7AC6C /* Products */;
			projectDirPath = "";
			projectRoot = "";
			targets = (
				43A26C222CF65EAE00B7AC6C /* GithubEventsViewer */,
				43A26C382CF65EB000B7AC6C /* GithubEventsViewerTests */,
				43A26C422CF65EB000B7AC6C /* GithubEventsViewerUITests */,
			);
		};
/* End PBXProject section */

/* Begin PBXResourcesBuildPhase section */
		43A26C212CF65EAE00B7AC6C /* Resources */ = {
			isa = PBXResourcesBuildPhase;
			buildActionMask = 2147483647;
			files = (
				43A26C332CF65EB000B7AC6C /* LaunchScreen.storyboard in Resources */,
				43A26C302CF65EB000B7AC6C /* Assets.xcassets in Resources */,
				43A26C2E2CF65EAE00B7AC6C /* Main.storyboard in Resources */,
			);
			runOnlyForDeploymentPostprocessing = 0;
		};
		43A26C372CF65EB000B7AC6C /* Resources */ = {
			isa = PBXResourcesBuildPhase;
			buildActionMask = 2147483647;
			files = (
			);
			runOnlyForDeploymentPostprocessing = 0;
		};
		43A26C412CF65EB000B7AC6C /* Resources */ = {
			isa = PBXResourcesBuildPhase;
			buildActionMask = 2147483647;
			files = (
			);
			runOnlyForDeploymentPostprocessing = 0;
		};
/* End PBXResourcesBuildPhase section */

/* Begin PBXShellScriptBuildPhase section */
		1F35AD8B60BD8C66C432CBB3 /* [CP] Check Pods Manifest.lock */ = {
			isa = PBXShellScriptBuildPhase;
			buildActionMask = 2147483647;
			files = (
			);
			inputFileListPaths = (
			);
			inputPaths = (
				"${PODS_PODFILE_DIR_PATH}/Podfile.lock",
				"${PODS_ROOT}/Manifest.lock",
			);
			name = "[CP] Check Pods Manifest.lock";
			outputFileListPaths = (
			);
			outputPaths = (
				"$(DERIVED_FILE_DIR)/Pods-GithubEventsViewer-GithubEventsViewerUITests-checkManifestLockResult.txt",
			);
			runOnlyForDeploymentPostprocessing = 0;
			shellPath = /bin/sh;
			shellScript = "diff \"${PODS_PODFILE_DIR_PATH}/Podfile.lock\" \"${PODS_ROOT}/Manifest.lock\" > /dev/null\nif [ $? != 0 ] ; then\n    # print error to STDERR\n    echo \"error: The sandbox is not in sync with the Podfile.lock. Run 'pod install' or update your CocoaPods installation.\" >&2\n    exit 1\nfi\n# This output is used by Xcode 'outputs' to avoid re-running this script phase.\necho \"SUCCESS\" > \"${SCRIPT_OUTPUT_FILE_0}\"\n";
			showEnvVarsInLog = 0;
		};
		3A8659D8050AEBD12CD7DF9B /* [CP] Embed Pods Frameworks */ = {
			isa = PBXShellScriptBuildPhase;
			buildActionMask = 2147483647;
			files = (
			);
			inputFileListPaths = (
				"${PODS_ROOT}/Target Support Files/Pods-GithubEventsViewer/Pods-GithubEventsViewer-frameworks-${CONFIGURATION}-input-files.xcfilelist",
			);
			name = "[CP] Embed Pods Frameworks";
			outputFileListPaths = (
				"${PODS_ROOT}/Target Support Files/Pods-GithubEventsViewer/Pods-GithubEventsViewer-frameworks-${CONFIGURATION}-output-files.xcfilelist",
			);
			runOnlyForDeploymentPostprocessing = 0;
			shellPath = /bin/sh;
			shellScript = "\"${PODS_ROOT}/Target Support Files/Pods-GithubEventsViewer/Pods-GithubEventsViewer-frameworks.sh\"\n";
			showEnvVarsInLog = 0;
		};
		56240CED6D31ABB63734FF79 /* [CP] Embed Pods Frameworks */ = {
			isa = PBXShellScriptBuildPhase;
			buildActionMask = 2147483647;
			files = (
			);
			inputFileListPaths = (
				"${PODS_ROOT}/Target Support Files/Pods-GithubEventsViewer-GithubEventsViewerUITests/Pods-GithubEventsViewer-GithubEventsViewerUITests-frameworks-${CONFIGURATION}-input-files.xcfilelist",
			);
			name = "[CP] Embed Pods Frameworks";
			outputFileListPaths = (
				"${PODS_ROOT}/Target Support Files/Pods-GithubEventsViewer-GithubEventsViewerUITests/Pods-GithubEventsViewer-GithubEventsViewerUITests-frameworks-${CONFIGURATION}-output-files.xcfilelist",
			);
			runOnlyForDeploymentPostprocessing = 0;
			shellPath = /bin/sh;
			shellScript = "\"${PODS_ROOT}/Target Support Files/Pods-GithubEventsViewer-GithubEventsViewerUITests/Pods-GithubEventsViewer-GithubEventsViewerUITests-frameworks.sh\"\n";
			showEnvVarsInLog = 0;
		};
		59DBB1B385D6E83C70F3A0F6 /* [CP] Check Pods Manifest.lock */ = {
			isa = PBXShellScriptBuildPhase;
			buildActionMask = 2147483647;
			files = (
			);
			inputFileListPaths = (
			);
			inputPaths = (
				"${PODS_PODFILE_DIR_PATH}/Podfile.lock",
				"${PODS_ROOT}/Manifest.lock",
			);
			name = "[CP] Check Pods Manifest.lock";
			outputFileListPaths = (
			);
			outputPaths = (
				"$(DERIVED_FILE_DIR)/Pods-GithubEventsViewer-checkManifestLockResult.txt",
			);
			runOnlyForDeploymentPostprocessing = 0;
			shellPath = /bin/sh;
			shellScript = "diff \"${PODS_PODFILE_DIR_PATH}/Podfile.lock\" \"${PODS_ROOT}/Manifest.lock\" > /dev/null\nif [ $? != 0 ] ; then\n    # print error to STDERR\n    echo \"error: The sandbox is not in sync with the Podfile.lock. Run 'pod install' or update your CocoaPods installation.\" >&2\n    exit 1\nfi\n# This output is used by Xcode 'outputs' to avoid re-running this script phase.\necho \"SUCCESS\" > \"${SCRIPT_OUTPUT_FILE_0}\"\n";
			showEnvVarsInLog = 0;
		};
		A5F7B3B1662ACD5F59EB01DC /* [CP] Check Pods Manifest.lock */ = {
			isa = PBXShellScriptBuildPhase;
			buildActionMask = 2147483647;
			files = (
			);
			inputFileListPaths = (
			);
			inputPaths = (
				"${PODS_PODFILE_DIR_PATH}/Podfile.lock",
				"${PODS_ROOT}/Manifest.lock",
			);
			name = "[CP] Check Pods Manifest.lock";
			outputFileListPaths = (
			);
			outputPaths = (
				"$(DERIVED_FILE_DIR)/Pods-GithubEventsViewerTests-checkManifestLockResult.txt",
			);
			runOnlyForDeploymentPostprocessing = 0;
			shellPath = /bin/sh;
			shellScript = "diff \"${PODS_PODFILE_DIR_PATH}/Podfile.lock\" \"${PODS_ROOT}/Manifest.lock\" > /dev/null\nif [ $? != 0 ] ; then\n    # print error to STDERR\n    echo \"error: The sandbox is not in sync with the Podfile.lock. Run 'pod install' or update your CocoaPods installation.\" >&2\n    exit 1\nfi\n# This output is used by Xcode 'outputs' to avoid re-running this script phase.\necho \"SUCCESS\" > \"${SCRIPT_OUTPUT_FILE_0}\"\n";
			showEnvVarsInLog = 0;
		};
/* End PBXShellScriptBuildPhase section */

/* Begin PBXSourcesBuildPhase section */
		43A26C1F2CF65EAE00B7AC6C /* Sources */ = {
			isa = PBXSourcesBuildPhase;
			buildActionMask = 2147483647;
			files = (
				43A26C2B2CF65EAE00B7AC6C /* ViewController.swift in Sources */,
				43A26C272CF65EAE00B7AC6C /* AppDelegate.swift in Sources */,
				43A26C292CF65EAE00B7AC6C /* SceneDelegate.swift in Sources */,
			);
			runOnlyForDeploymentPostprocessing = 0;
		};
		43A26C352CF65EB000B7AC6C /* Sources */ = {
			isa = PBXSourcesBuildPhase;
			buildActionMask = 2147483647;
			files = (
				43A26C3E2CF65EB000B7AC6C /* GithubEventsViewerTests.swift in Sources */,
			);
			runOnlyForDeploymentPostprocessing = 0;
		};
		43A26C3F2CF65EB000B7AC6C /* Sources */ = {
			isa = PBXSourcesBuildPhase;
			buildActionMask = 2147483647;
			files = (
				43A26C4A2CF65EB000B7AC6C /* GithubEventsViewerUITestsLaunchTests.swift in Sources */,
				43A26C482CF65EB000B7AC6C /* GithubEventsViewerUITests.swift in Sources */,
			);
			runOnlyForDeploymentPostprocessing = 0;
		};
/* End PBXSourcesBuildPhase section */

/* Begin PBXTargetDependency section */
		43A26C3B2CF65EB000B7AC6C /* PBXTargetDependency */ = {
			isa = PBXTargetDependency;
			target = 43A26C222CF65EAE00B7AC6C /* GithubEventsViewer */;
			targetProxy = 43A26C3A2CF65EB000B7AC6C /* PBXContainerItemProxy */;
		};
		43A26C452CF65EB000B7AC6C /* PBXTargetDependency */ = {
			isa = PBXTargetDependency;
			target = 43A26C222CF65EAE00B7AC6C /* GithubEventsViewer */;
			targetProxy = 43A26C442CF65EB000B7AC6C /* PBXContainerItemProxy */;
		};
/* End PBXTargetDependency section */

/* Begin PBXVariantGroup section */
		43A26C2C2CF65EAE00B7AC6C /* Main.storyboard */ = {
			isa = PBXVariantGroup;
			children = (
				43A26C2D2CF65EAE00B7AC6C /* Base */,
			);
			name = Main.storyboard;
			sourceTree = "<group>";
		};
		43A26C312CF65EB000B7AC6C /* LaunchScreen.storyboard */ = {
			isa = PBXVariantGroup;
			children = (
				43A26C322CF65EB000B7AC6C /* Base */,
			);
			name = LaunchScreen.storyboard;
			sourceTree = "<group>";
		};
/* End PBXVariantGroup section */

/* Begin XCBuildConfiguration section */
		43A26C4B2CF65EB000B7AC6C /* Debug */ = {
			isa = XCBuildConfiguration;
			buildSettings = {
				ALWAYS_SEARCH_USER_PATHS = NO;
				CLANG_ANALYZER_NONNULL = YES;
				CLANG_ANALYZER_NUMBER_OBJECT_CONVERSION = YES_AGGRESSIVE;
				CLANG_CXX_LANGUAGE_STANDARD = "gnu++20";
				CLANG_ENABLE_MODULES = YES;
				CLANG_ENABLE_OBJC_ARC = YES;
				CLANG_ENABLE_OBJC_WEAK = YES;
				CLANG_WARN_BLOCK_CAPTURE_AUTORELEASING = YES;
				CLANG_WARN_BOOL_CONVERSION = YES;
				CLANG_WARN_COMMA = YES;
				CLANG_WARN_CONSTANT_CONVERSION = YES;
				CLANG_WARN_DEPRECATED_OBJC_IMPLEMENTATIONS = YES;
				CLANG_WARN_DIRECT_OBJC_ISA_USAGE = YES_ERROR;
				CLANG_WARN_DOCUMENTATION_COMMENTS = YES;
				CLANG_WARN_EMPTY_BODY = YES;
				CLANG_WARN_ENUM_CONVERSION = YES;
				CLANG_WARN_INFINITE_RECURSION = YES;
				CLANG_WARN_INT_CONVERSION = YES;
				CLANG_WARN_NON_LITERAL_NULL_CONVERSION = YES;
				CLANG_WARN_OBJC_IMPLICIT_RETAIN_SELF = YES;
				CLANG_WARN_OBJC_LITERAL_CONVERSION = YES;
				CLANG_WARN_OBJC_ROOT_CLASS = YES_ERROR;
				CLANG_WARN_QUOTED_INCLUDE_IN_FRAMEWORK_HEADER = YES;
				CLANG_WARN_RANGE_LOOP_ANALYSIS = YES;
				CLANG_WARN_STRICT_PROTOTYPES = YES;
				CLANG_WARN_SUSPICIOUS_MOVE = YES;
				CLANG_WARN_UNGUARDED_AVAILABILITY = YES_AGGRESSIVE;
				CLANG_WARN_UNREACHABLE_CODE = YES;
				CLANG_WARN__DUPLICATE_METHOD_MATCH = YES;
				COPY_PHASE_STRIP = NO;
				DEBUG_INFORMATION_FORMAT = dwarf;
				ENABLE_STRICT_OBJC_MSGSEND = YES;
				ENABLE_TESTABILITY = YES;
				GCC_C_LANGUAGE_STANDARD = gnu11;
				GCC_DYNAMIC_NO_PIC = NO;
				GCC_NO_COMMON_BLOCKS = YES;
				GCC_OPTIMIZATION_LEVEL = 0;
				GCC_PREPROCESSOR_DEFINITIONS = (
					"DEBUG=1",
					"$(inherited)",
				);
				GCC_WARN_64_TO_32_BIT_CONVERSION = YES;
				GCC_WARN_ABOUT_RETURN_TYPE = YES_ERROR;
				GCC_WARN_UNDECLARED_SELECTOR = YES;
				GCC_WARN_UNINITIALIZED_AUTOS = YES_AGGRESSIVE;
				GCC_WARN_UNUSED_FUNCTION = YES;
				GCC_WARN_UNUSED_VARIABLE = YES;
				IPHONEOS_DEPLOYMENT_TARGET = 16.4;
				MTL_ENABLE_DEBUG_INFO = INCLUDE_SOURCE;
				MTL_FAST_MATH = YES;
				ONLY_ACTIVE_ARCH = YES;
				SDKROOT = iphoneos;
				SWIFT_ACTIVE_COMPILATION_CONDITIONS = DEBUG;
				SWIFT_OPTIMIZATION_LEVEL = "-Onone";
			};
			name = Debug;
		};
		43A26C4C2CF65EB000B7AC6C /* Release */ = {
			isa = XCBuildConfiguration;
			buildSettings = {
				ALWAYS_SEARCH_USER_PATHS = NO;
				CLANG_ANALYZER_NONNULL = YES;
				CLANG_ANALYZER_NUMBER_OBJECT_CONVERSION = YES_AGGRESSIVE;
				CLANG_CXX_LANGUAGE_STANDARD = "gnu++20";
				CLANG_ENABLE_MODULES = YES;
				CLANG_ENABLE_OBJC_ARC = YES;
				CLANG_ENABLE_OBJC_WEAK = YES;
				CLANG_WARN_BLOCK_CAPTURE_AUTORELEASING = YES;
				CLANG_WARN_BOOL_CONVERSION = YES;
				CLANG_WARN_COMMA = YES;
				CLANG_WARN_CONSTANT_CONVERSION = YES;
				CLANG_WARN_DEPRECATED_OBJC_IMPLEMENTATIONS = YES;
				CLANG_WARN_DIRECT_OBJC_ISA_USAGE = YES_ERROR;
				CLANG_WARN_DOCUMENTATION_COMMENTS = YES;
				CLANG_WARN_EMPTY_BODY = YES;
				CLANG_WARN_ENUM_CONVERSION = YES;
				CLANG_WARN_INFINITE_RECURSION = YES;
				CLANG_WARN_INT_CONVERSION = YES;
				CLANG_WARN_NON_LITERAL_NULL_CONVERSION = YES;
				CLANG_WARN_OBJC_IMPLICIT_RETAIN_SELF = YES;
				CLANG_WARN_OBJC_LITERAL_CONVERSION = YES;
				CLANG_WARN_OBJC_ROOT_CLASS = YES_ERROR;
				CLANG_WARN_QUOTED_INCLUDE_IN_FRAMEWORK_HEADER = YES;
				CLANG_WARN_RANGE_LOOP_ANALYSIS = YES;
				CLANG_WARN_STRICT_PROTOTYPES = YES;
				CLANG_WARN_SUSPICIOUS_MOVE = YES;
				CLANG_WARN_UNGUARDED_AVAILABILITY = YES_AGGRESSIVE;
				CLANG_WARN_UNREACHABLE_CODE = YES;
				CLANG_WARN__DUPLICATE_METHOD_MATCH = YES;
				COPY_PHASE_STRIP = NO;
				DEBUG_INFORMATION_FORMAT = "dwarf-with-dsym";
				ENABLE_NS_ASSERTIONS = NO;
				ENABLE_STRICT_OBJC_MSGSEND = YES;
				GCC_C_LANGUAGE_STANDARD = gnu11;
				GCC_NO_COMMON_BLOCKS = YES;
				GCC_WARN_64_TO_32_BIT_CONVERSION = YES;
				GCC_WARN_ABOUT_RETURN_TYPE = YES_ERROR;
				GCC_WARN_UNDECLARED_SELECTOR = YES;
				GCC_WARN_UNINITIALIZED_AUTOS = YES_AGGRESSIVE;
				GCC_WARN_UNUSED_FUNCTION = YES;
				GCC_WARN_UNUSED_VARIABLE = YES;
				IPHONEOS_DEPLOYMENT_TARGET = 16.4;
				MTL_ENABLE_DEBUG_INFO = NO;
				MTL_FAST_MATH = YES;
				SDKROOT = iphoneos;
				SWIFT_COMPILATION_MODE = wholemodule;
				SWIFT_OPTIMIZATION_LEVEL = "-O";
				VALIDATE_PRODUCT = YES;
			};
			name = Release;
		};
		43A26C4E2CF65EB000B7AC6C /* Debug */ = {
			isa = XCBuildConfiguration;
			baseConfigurationReference = B7FCB791988F966AEE6317B0 /* Pods-GithubEventsViewer.debug.xcconfig */;
			buildSettings = {
				ASSETCATALOG_COMPILER_APPICON_NAME = AppIcon;
				ASSETCATALOG_COMPILER_GLOBAL_ACCENT_COLOR_NAME = AccentColor;
				CODE_SIGN_STYLE = Automatic;
				CURRENT_PROJECT_VERSION = 1;
				DEVELOPMENT_TEAM = 83P5KX79QJ;
				GENERATE_INFOPLIST_FILE = YES;
				INFOPLIST_FILE = GithubEventsViewer/Info.plist;
				INFOPLIST_KEY_UIApplicationSupportsIndirectInputEvents = YES;
				INFOPLIST_KEY_UILaunchStoryboardName = LaunchScreen;
				INFOPLIST_KEY_UIMainStoryboardFile = Main;
				INFOPLIST_KEY_UISupportedInterfaceOrientations_iPad = "UIInterfaceOrientationPortrait UIInterfaceOrientationPortraitUpsideDown UIInterfaceOrientationLandscapeLeft UIInterfaceOrientationLandscapeRight";
				INFOPLIST_KEY_UISupportedInterfaceOrientations_iPhone = "UIInterfaceOrientationPortrait UIInterfaceOrientationLandscapeLeft UIInterfaceOrientationLandscapeRight";
				LD_RUNPATH_SEARCH_PATHS = (
					"$(inherited)",
					"@executable_path/Frameworks",
				);
				MARKETING_VERSION = 1.0;
				PRODUCT_BUNDLE_IDENTIFIER = Dev.Yaser.GithubEventsViewer;
				PRODUCT_NAME = "$(TARGET_NAME)";
				SWIFT_EMIT_LOC_STRINGS = YES;
				SWIFT_VERSION = 5.0;
				TARGETED_DEVICE_FAMILY = "1,2";
			};
			name = Debug;
		};
		43A26C4F2CF65EB000B7AC6C /* Release */ = {
			isa = XCBuildConfiguration;
			baseConfigurationReference = D9FF9DF3E4F42BFF8E9F9F22 /* Pods-GithubEventsViewer.release.xcconfig */;
			buildSettings = {
				ASSETCATALOG_COMPILER_APPICON_NAME = AppIcon;
				ASSETCATALOG_COMPILER_GLOBAL_ACCENT_COLOR_NAME = AccentColor;
				CODE_SIGN_STYLE = Automatic;
				CURRENT_PROJECT_VERSION = 1;
				DEVELOPMENT_TEAM = 83P5KX79QJ;
				GENERATE_INFOPLIST_FILE = YES;
				INFOPLIST_FILE = GithubEventsViewer/Info.plist;
				INFOPLIST_KEY_UIApplicationSupportsIndirectInputEvents = YES;
				INFOPLIST_KEY_UILaunchStoryboardName = LaunchScreen;
				INFOPLIST_KEY_UIMainStoryboardFile = Main;
				INFOPLIST_KEY_UISupportedInterfaceOrientations_iPad = "UIInterfaceOrientationPortrait UIInterfaceOrientationPortraitUpsideDown UIInterfaceOrientationLandscapeLeft UIInterfaceOrientationLandscapeRight";
				INFOPLIST_KEY_UISupportedInterfaceOrientations_iPhone = "UIInterfaceOrientationPortrait UIInterfaceOrientationLandscapeLeft UIInterfaceOrientationLandscapeRight";
				LD_RUNPATH_SEARCH_PATHS = (
					"$(inherited)",
					"@executable_path/Frameworks",
				);
				MARKETING_VERSION = 1.0;
				PRODUCT_BUNDLE_IDENTIFIER = Dev.Yaser.GithubEventsViewer;
				PRODUCT_NAME = "$(TARGET_NAME)";
				SWIFT_EMIT_LOC_STRINGS = YES;
				SWIFT_VERSION = 5.0;
				TARGETED_DEVICE_FAMILY = "1,2";
			};
			name = Release;
		};
		43A26C512CF65EB000B7AC6C /* Debug */ = {
			isa = XCBuildConfiguration;
			baseConfigurationReference = 868C677AC8995EC544A2ADE6 /* Pods-GithubEventsViewerTests.debug.xcconfig */;
			buildSettings = {
				ALWAYS_EMBED_SWIFT_STANDARD_LIBRARIES = YES;
				BUNDLE_LOADER = "$(TEST_HOST)";
				CODE_SIGN_STYLE = Automatic;
				CURRENT_PROJECT_VERSION = 1;
				DEVELOPMENT_TEAM = 83P5KX79QJ;
				GENERATE_INFOPLIST_FILE = YES;
				IPHONEOS_DEPLOYMENT_TARGET = 16.4;
				MARKETING_VERSION = 1.0;
				PRODUCT_BUNDLE_IDENTIFIER = Dev.Yaser.GithubEventsViewerTests;
				PRODUCT_NAME = "$(TARGET_NAME)";
				SWIFT_EMIT_LOC_STRINGS = NO;
				SWIFT_VERSION = 5.0;
				TARGETED_DEVICE_FAMILY = "1,2";
				TEST_HOST = "$(BUILT_PRODUCTS_DIR)/GithubEventsViewer.app/$(BUNDLE_EXECUTABLE_FOLDER_PATH)/GithubEventsViewer";
			};
			name = Debug;
		};
		43A26C522CF65EB000B7AC6C /* Release */ = {
			isa = XCBuildConfiguration;
			baseConfigurationReference = F4595275E579D222455908FC /* Pods-GithubEventsViewerTests.release.xcconfig */;
			buildSettings = {
				ALWAYS_EMBED_SWIFT_STANDARD_LIBRARIES = YES;
				BUNDLE_LOADER = "$(TEST_HOST)";
				CODE_SIGN_STYLE = Automatic;
				CURRENT_PROJECT_VERSION = 1;
				DEVELOPMENT_TEAM = 83P5KX79QJ;
				GENERATE_INFOPLIST_FILE = YES;
				IPHONEOS_DEPLOYMENT_TARGET = 16.4;
				MARKETING_VERSION = 1.0;
				PRODUCT_BUNDLE_IDENTIFIER = Dev.Yaser.GithubEventsViewerTests;
				PRODUCT_NAME = "$(TARGET_NAME)";
				SWIFT_EMIT_LOC_STRINGS = NO;
				SWIFT_VERSION = 5.0;
				TARGETED_DEVICE_FAMILY = "1,2";
				TEST_HOST = "$(BUILT_PRODUCTS_DIR)/GithubEventsViewer.app/$(BUNDLE_EXECUTABLE_FOLDER_PATH)/GithubEventsViewer";
			};
			name = Release;
		};
		43A26C542CF65EB000B7AC6C /* Debug */ = {
			isa = XCBuildConfiguration;
			baseConfigurationReference = 32786B853AF2D42E35F3A1E4 /* Pods-GithubEventsViewer-GithubEventsViewerUITests.debug.xcconfig */;
			buildSettings = {
				ALWAYS_EMBED_SWIFT_STANDARD_LIBRARIES = YES;
				CODE_SIGN_STYLE = Automatic;
				CURRENT_PROJECT_VERSION = 1;
				DEVELOPMENT_TEAM = 83P5KX79QJ;
				GENERATE_INFOPLIST_FILE = YES;
				MARKETING_VERSION = 1.0;
				PRODUCT_BUNDLE_IDENTIFIER = Dev.Yaser.GithubEventsViewerUITests;
				PRODUCT_NAME = "$(TARGET_NAME)";
				SWIFT_EMIT_LOC_STRINGS = NO;
				SWIFT_VERSION = 5.0;
				TARGETED_DEVICE_FAMILY = "1,2";
				TEST_TARGET_NAME = GithubEventsViewer;
			};
			name = Debug;
		};
		43A26C552CF65EB000B7AC6C /* Release */ = {
			isa = XCBuildConfiguration;
			baseConfigurationReference = 65197E40CE2377F4481395F0 /* Pods-GithubEventsViewer-GithubEventsViewerUITests.release.xcconfig */;
			buildSettings = {
				ALWAYS_EMBED_SWIFT_STANDARD_LIBRARIES = YES;
				CODE_SIGN_STYLE = Automatic;
				CURRENT_PROJECT_VERSION = 1;
				DEVELOPMENT_TEAM = 83P5KX79QJ;
				GENERATE_INFOPLIST_FILE = YES;
				MARKETING_VERSION = 1.0;
				PRODUCT_BUNDLE_IDENTIFIER = Dev.Yaser.GithubEventsViewerUITests;
				PRODUCT_NAME = "$(TARGET_NAME)";
				SWIFT_EMIT_LOC_STRINGS = NO;
				SWIFT_VERSION = 5.0;
				TARGETED_DEVICE_FAMILY = "1,2";
				TEST_TARGET_NAME = GithubEventsViewer;
			};
			name = Release;
		};
/* End XCBuildConfiguration section */

/* Begin XCConfigurationList section */
		43A26C1E2CF65EAE00B7AC6C /* Build configuration list for PBXProject "GithubEventsViewer" */ = {
			isa = XCConfigurationList;
			buildConfigurations = (
				43A26C4B2CF65EB000B7AC6C /* Debug */,
				43A26C4C2CF65EB000B7AC6C /* Release */,
			);
			defaultConfigurationIsVisible = 0;
			defaultConfigurationName = Release;
		};
		43A26C4D2CF65EB000B7AC6C /* Build configuration list for PBXNativeTarget "GithubEventsViewer" */ = {
			isa = XCConfigurationList;
			buildConfigurations = (
				43A26C4E2CF65EB000B7AC6C /* Debug */,
				43A26C4F2CF65EB000B7AC6C /* Release */,
			);
			defaultConfigurationIsVisible = 0;
			defaultConfigurationName = Release;
		};
		43A26C502CF65EB000B7AC6C /* Build configuration list for PBXNativeTarget "GithubEventsViewerTests" */ = {
			isa = XCConfigurationList;
			buildConfigurations = (
				43A26C512CF65EB000B7AC6C /* Debug */,
				43A26C522CF65EB000B7AC6C /* Release */,
			);
			defaultConfigurationIsVisible = 0;
			defaultConfigurationName = Release;
		};
		43A26C532CF65EB000B7AC6C /* Build configuration list for PBXNativeTarget "GithubEventsViewerUITests" */ = {
			isa = XCConfigurationList;
			buildConfigurations = (
				43A26C542CF65EB000B7AC6C /* Debug */,
				43A26C552CF65EB000B7AC6C /* Release */,
			);
			defaultConfigurationIsVisible = 0;
			defaultConfigurationName = Release;
		};
/* End XCConfigurationList section */
	};
	rootObject = 43A26C1B2CF65EAE00B7AC6C /* Project object */;
}
